
Microsoft Visual Studio Solution File, Format Version 12.00
# Visual Studio Version 16
VisualStudioVersion = 16.0.30114.105
MinimumVisualStudioVersion = 10.0.40219.1
Project("{FAE04EC0-301F-11D3-BF4B-00C04F79EFBC}") = "Interfaces", "Interfaces\Interfaces.csproj", "{5BBA25D1-510C-4DF8-9304-163E41FA65CA}"
EndProject
Project("{FAE04EC0-301F-11D3-BF4B-00C04F79EFBC}") = "Inheritance", "Inheritance\Inheritance.csproj", "{D8308AD2-E033-490E-B8CF-362A718C41EA}"
EndProject
Project("{FAE04EC0-301F-11D3-BF4B-00C04F79EFBC}") = "VirtualMethods", "VirtualMethods\VirtualMethods.csproj", "{6FE975E0-BF3F-4514-ADD8-6472022623C9}"
EndProject
Project("{FAE04EC0-301F-11D3-BF4B-00C04F79EFBC}") = "AbstractClasses", "AbstractClasses\AbstractClasses.csproj", "{6B1BD757-981E-4E65-9BB4-6719BCA0D31E}"
EndProject
Project("{FAE04EC0-301F-11D3-BF4B-00C04F79EFBC}") = "RecapDemo", "RecapDemo\RecapDemo.csproj", "{890EA3A1-7A49-4853-80AA-055932DB6FEA}"
EndProject
Project("{FAE04EC0-301F-11D3-BF4B-00C04F79EFBC}") = "Constructors", "Constructors\Constructors.csproj", "{AB5D0C84-F81A-4DC2-AF35-132A15B88D67}"
EndProject
Global
	GlobalSection(SolutionConfigurationPlatforms) = preSolution
		Debug|Any CPU = Debug|Any CPU
		Release|Any CPU = Release|Any CPU
	EndGlobalSection
	GlobalSection(ProjectConfigurationPlatforms) = postSolution
		{5BBA25D1-510C-4DF8-9304-163E41FA65CA}.Debug|Any CPU.ActiveCfg = Debug|Any CPU
		{5BBA25D1-510C-4DF8-9304-163E41FA65CA}.Debug|Any CPU.Build.0 = Debug|Any CPU
		{5BBA25D1-510C-4DF8-9304-163E41FA65CA}.Release|Any CPU.ActiveCfg = Release|Any CPU
		{5BBA25D1-510C-4DF8-9304-163E41FA65CA}.Release|Any CPU.Build.0 = Release|Any CPU
		{D8308AD2-E033-490E-B8CF-362A718C41EA}.Debug|Any CPU.ActiveCfg = Debug|Any CPU
		{D8308AD2-E033-490E-B8CF-362A718C41EA}.Debug|Any CPU.Build.0 = Debug|Any CPU
		{D8308AD2-E033-490E-B8CF-362A718C41EA}.Release|Any CPU.ActiveCfg = Release|Any CPU
		{D8308AD2-E033-490E-B8CF-362A718C41EA}.Release|Any CPU.Build.0 = Release|Any CPU
		{6FE975E0-BF3F-4514-ADD8-6472022623C9}.Debug|Any CPU.ActiveCfg = Debug|Any CPU
		{6FE975E0-BF3F-4514-ADD8-6472022623C9}.Debug|Any CPU.Build.0 = Debug|Any CPU
		{6FE975E0-BF3F-4514-ADD8-6472022623C9}.Release|Any CPU.ActiveCfg = Release|Any CPU
		{6FE975E0-BF3F-4514-ADD8-6472022623C9}.Release|Any CPU.Build.0 = Release|Any CPU
		{6B1BD757-981E-4E65-9BB4-6719BCA0D31E}.Debug|Any CPU.ActiveCfg = Debug|Any CPU
		{6B1BD757-981E-4E65-9BB4-6719BCA0D31E}.Debug|Any CPU.Build.0 = Debug|Any CPU
		{6B1BD757-981E-4E65-9BB4-6719BCA0D31E}.Release|Any CPU.ActiveCfg = Release|Any CPU
		{6B1BD757-981E-4E65-9BB4-6719BCA0D31E}.Release|Any CPU.Build.0 = Release|Any CPU
		{890EA3A1-7A49-4853-80AA-055932DB6FEA}.Debug|Any CPU.ActiveCfg = Debug|Any CPU
		{890EA3A1-7A49-4853-80AA-055932DB6FEA}.Debug|Any CPU.Build.0 = Debug|Any CPU
		{890EA3A1-7A49-4853-80AA-055932DB6FEA}.Release|Any CPU.ActiveCfg = Release|Any CPU
		{890EA3A1-7A49-4853-80AA-055932DB6FEA}.Release|Any CPU.Build.0 = Release|Any CPU
		{AB5D0C84-F81A-4DC2-AF35-132A15B88D67}.Debug|Any CPU.ActiveCfg = Debug|Any CPU
		{AB5D0C84-F81A-4DC2-AF35-132A15B88D67}.Debug|Any CPU.Build.0 = Debug|Any CPU
		{AB5D0C84-F81A-4DC2-AF35-132A15B88D67}.Release|Any CPU.ActiveCfg = Release|Any CPU
		{AB5D0C84-F81A-4DC2-AF35-132A15B88D67}.Release|Any CPU.Build.0 = Release|Any CPU
	EndGlobalSection
	GlobalSection(SolutionProperties) = preSolution
		HideSolutionNode = FALSE
	EndGlobalSection
	GlobalSection(ExtensibilityGlobals) = postSolution
		SolutionGuid = {47520D7B-B0E2-4924-B308-E172B27FCBFB}
	EndGlobalSection
EndGlobal
